
Microsoft Visual Studio Solution File, Format Version 12.00
# Visual Studio Version 17
VisualStudioVersion = 17.14.36705.20
MinimumVisualStudioVersion = 10.0.40219.1
Project("{FAE04EC0-301F-11D3-BF4B-00C04F79EFBC}") = "HCB", "HCB\HCB.csproj", "{F61DA9AA-AF39-489D-8628-8EFA99996320}"
EndProject
Project("{FAE04EC0-301F-11D3-BF4B-00C04F79EFBC}") = "HCB.UI", "HCB.UI\HCB.UI.csproj", "{F94D450A-3EAC-420A-AEAC-D3EF29BEC7DD}"
EndProject
Project("{2150E333-8FDC-42A3-9474-1A3956D46DE8}") = "Data", "Data", "{C8D5274F-AC00-46C7-1F8D-E88E81087A52}"
EndProject
Global
	GlobalSection(SolutionConfigurationPlatforms) = preSolution
		Debug|Any CPU = Debug|Any CPU
		Release|Any CPU = Release|Any CPU
	EndGlobalSection
	GlobalSection(ProjectConfigurationPlatforms) = postSolution
		{F61DA9AA-AF39-489D-8628-8EFA99996320}.Debug|Any CPU.ActiveCfg = Debug|Any CPU
		{F61DA9AA-AF39-489D-8628-8EFA99996320}.Debug|Any CPU.Build.0 = Debug|Any CPU
		{F61DA9AA-AF39-489D-8628-8EFA99996320}.Release|Any CPU.ActiveCfg = Release|Any CPU
		{F61DA9AA-AF39-489D-8628-8EFA99996320}.Release|Any CPU.Build.0 = Release|Any CPU
		{F94D450A-3EAC-420A-AEAC-D3EF29BEC7DD}.Debug|Any CPU.ActiveCfg = Debug|Any CPU
		{F94D450A-3EAC-420A-AEAC-D3EF29BEC7DD}.Debug|Any CPU.Build.0 = Debug|Any CPU
		{F94D450A-3EAC-420A-AEAC-D3EF29BEC7DD}.Release|Any CPU.ActiveCfg = Release|Any CPU
		{F94D450A-3EAC-420A-AEAC-D3EF29BEC7DD}.Release|Any CPU.Build.0 = Release|Any CPU
	EndGlobalSection
	GlobalSection(SolutionProperties) = preSolution
		HideSolutionNode = FALSE
	EndGlobalSection
	GlobalSection(ExtensibilityGlobals) = postSolution
		SolutionGuid = {E6279E19-9188-46A9-84E1-69FCFB9184CF}
	EndGlobalSection
EndGlobal
